{
  "name": "lab1_js",
  "version": "1.0.0",
  "lockfileVersion": 1,
  "requires": true,
  "dependencies": {
    "babel-polyfill": {
      "version": "6.26.0",
      "resolved": "https://registry.npmjs.org/babel-polyfill/-/babel-polyfill-6.26.0.tgz",
      "integrity": "sha1-N5k3q8Z9eJWXCtxiHyhM2WbPIVM=",
      "requires": {
        "babel-runtime": "6.26.0",
        "core-js": "2.5.4",
        "regenerator-runtime": "0.10.5"
      }
    },
    "babel-runtime": {
      "version": "6.26.0",
      "resolved": "https://registry.npmjs.org/babel-runtime/-/babel-runtime-6.26.0.tgz",
      "integrity": "sha1-llxwWGaOgrVde/4E/yM3vItWR/4=",
      "requires": {
        "core-js": "2.5.4",
        "regenerator-runtime": "0.11.1"
      },
      "dependencies": {
        "regenerator-runtime": {
          "version": "0.11.1",
          "resolved": "https://registry.npmjs.org/regenerator-runtime/-/regenerator-runtime-0.11.1.tgz",
          "integrity": "sha512-MguG95oij0fC3QV3URf4V2SDYGJhJnJGqvIIgdECeODCT98wSWDAJ94SSuVpYQUoTcGUIL6L4yNB7j1DFFHSBg=="
        }
      }
    },
    "convert-source-map": {
      "version": "1.5.1",
      "resolved": "https://registry.npmjs.org/convert-source-map/-/convert-source-map-1.5.1.tgz",
      "integrity": "sha1-uCeAl7m8IpNl3lxiz1/K7YtVmeU="
    },
    "core-js": {
      "version": "2.5.4",
      "resolved": "https://registry.npmjs.org/core-js/-/core-js-2.5.4.tgz",
      "integrity": "sha1-8si/GB8qgLkvNgEhQpzmOi8K6uA="
    },
    "eve": {
      "version": "0.4.2",
      "resolved": "https://registry.npmjs.org/eve/-/eve-0.4.2.tgz",
      "integrity": "sha1-fuoK/A5O+3yTZWFTFaNXaDPq0q4="
    },
    "eve-raphael": {
      "version": "0.5.0",
      "resolved": "https://registry.npmjs.org/eve-raphael/-/eve-raphael-0.5.0.tgz",
      "integrity": "sha1-F8dUt5K+7z+maE15z1pHxjxM2jA="
    },
    "exorcist": {
      "version": "1.0.1",
      "resolved": "https://registry.npmjs.org/exorcist/-/exorcist-1.0.1.tgz",
      "integrity": "sha1-eTFuPEiFhFSQ97tAXA5bXbEWfFI=",
      "requires": {
        "is-stream": "1.1.0",
        "minimist": "0.0.5",
        "mkdirp": "0.5.1",
        "mold-source-map": "0.4.0"
      }
    },
    "graphdracula": {
      "version": "1.2.1",
      "resolved": "https://registry.npmjs.org/graphdracula/-/graphdracula-1.2.1.tgz",
      "integrity": "sha512-zMeVI+jqo89ra34Sx+OWviKC9TX+LSCKIWHQtDlq/NQRVnVUSzY8CSByEhbwQMYOE67KDN0T953phgj7Tpy7uQ==",
      "requires": {
        "lodash": "4.17.10",
        "snapsvg": "0.4.0",
        "uuid": "3.2.1"
      }
    },
    "is-stream": {
      "version": "1.1.0",
      "resolved": "https://registry.npmjs.org/is-stream/-/is-stream-1.1.0.tgz",
      "integrity": "sha1-EtSj3U5o4Lec6428hBc66A2RykQ="
    },
    "lodash": {
      "version": "4.17.10",
      "resolved": "https://registry.npmjs.org/lodash/-/lodash-4.17.10.tgz",
      "integrity": "sha512-UejweD1pDoXu+AD825lWwp4ZGtSwgnpZxb3JDViD7StjQz+Nb/6l093lx4OQ0foGWNRoc19mWy7BzL+UAK2iVg=="
    },
    "minimist": {
      "version": "0.0.5",
      "resolved": "https://registry.npmjs.org/minimist/-/minimist-0.0.5.tgz",
      "integrity": "sha1-16oye87PUY+RBqxrjwA/o7zqhWY="
    },
    "mkdirp": {
      "version": "0.5.1",
      "resolved": "https://registry.npmjs.org/mkdirp/-/mkdirp-0.5.1.tgz",
      "integrity": "sha1-MAV0OOrGz3+MR2fzhkjWaX11yQM=",
      "requires": {
        "minimist": "0.0.8"
      },
      "dependencies": {
        "minimist": {
          "version": "0.0.8",
          "resolved": "https://registry.npmjs.org/minimist/-/minimist-0.0.8.tgz",
          "integrity": "sha1-hX/Kv8M5fSYluCKCYuhqp6ARsF0="
        }
      }
    },
    "mold-source-map": {
      "version": "0.4.0",
      "resolved": "https://registry.npmjs.org/mold-source-map/-/mold-source-map-0.4.0.tgz",
      "integrity": "sha1-z2fgsxxHq5uttcnCVlGGISe7gxc=",
      "requires": {
        "convert-source-map": "1.5.1",
        "through": "2.2.7"
      }
    },
    "raphael": {
      "version": "2.2.7",
      "resolved": "https://registry.npmjs.org/raphael/-/raphael-2.2.7.tgz",
      "integrity": "sha1-IxsZFB+NCGmG2PrOtm+LVi7iyBA=",
      "requires": {
        "eve-raphael": "0.5.0"
      }
    },
    "regenerator-runtime": {
      "version": "0.10.5",
      "resolved": "https://registry.npmjs.org/regenerator-runtime/-/regenerator-runtime-0.10.5.tgz",
      "integrity": "sha1-M2w+/BIgrc7dosn6tntaeVWjNlg="
    },
    "snapsvg": {
      "version": "0.4.0",
      "resolved": "https://registry.npmjs.org/snapsvg/-/snapsvg-0.4.0.tgz",
      "integrity": "sha1-4HZwFBZ4JZV95+ElwpsPqJeW6gM=",
      "requires": {
        "eve": "0.4.2"
      }
    },
    "through": {
      "version": "2.2.7",
      "resolved": "https://registry.npmjs.org/through/-/through-2.2.7.tgz",
      "integrity": "sha1-bo4hIAGR1OtqmfbwEN9Gqhxusr0="
    },
    "uuid": {
      "version": "3.2.1",
      "resolved": "https://registry.npmjs.org/uuid/-/uuid-3.2.1.tgz",
      "integrity": "sha512-jZnMwlb9Iku/O3smGWvZhauCf6cvvpKi4BKRiliS3cxnI+Gz9j5MEpTz2UFuXiKPJocb7gnsLHwiS05ige5BEA=="
    }
  }
}
